
Microsoft Visual Studio Solution File, Format Version 12.00
# Visual Studio Version 16
VisualStudioVersion = 16.0.31112.23
MinimumVisualStudioVersion = 10.0.40219.1
Project("{FAE04EC0-301F-11D3-BF4B-00C04F79EFBC}") = "RabbitMQDemoProducer", "RabbitMQDemoProducer\RabbitMQDemoProducer.csproj", "{A269791D-A00F-443E-A384-75AD4632C9F5}"
EndProject
Project("{FAE04EC0-301F-11D3-BF4B-00C04F79EFBC}") = "RabbitMQDemoReciever", "RabbitMQDemoReciever\RabbitMQDemoReciever.csproj", "{6AE1B44C-B66C-48B5-931F-F5AAB0A9CE07}"
EndProject
Global
	GlobalSection(SolutionConfigurationPlatforms) = preSolution
		Debug|Any CPU = Debug|Any CPU
		Release|Any CPU = Release|Any CPU
	EndGlobalSection
	GlobalSection(ProjectConfigurationPlatforms) = postSolution
		{A269791D-A00F-443E-A384-75AD4632C9F5}.Debug|Any CPU.ActiveCfg = Debug|Any CPU
		{A269791D-A00F-443E-A384-75AD4632C9F5}.Debug|Any CPU.Build.0 = Debug|Any CPU
		{A269791D-A00F-443E-A384-75AD4632C9F5}.Release|Any CPU.ActiveCfg = Release|Any CPU
		{A269791D-A00F-443E-A384-75AD4632C9F5}.Release|Any CPU.Build.0 = Release|Any CPU
		{6AE1B44C-B66C-48B5-931F-F5AAB0A9CE07}.Debug|Any CPU.ActiveCfg = Debug|Any CPU
		{6AE1B44C-B66C-48B5-931F-F5AAB0A9CE07}.Debug|Any CPU.Build.0 = Debug|Any CPU
		{6AE1B44C-B66C-48B5-931F-F5AAB0A9CE07}.Release|Any CPU.ActiveCfg = Release|Any CPU
		{6AE1B44C-B66C-48B5-931F-F5AAB0A9CE07}.Release|Any CPU.Build.0 = Release|Any CPU
	EndGlobalSection
	GlobalSection(SolutionProperties) = preSolution
		HideSolutionNode = FALSE
	EndGlobalSection
	GlobalSection(ExtensibilityGlobals) = postSolution
		SolutionGuid = {A7757DDC-8DDB-4F25-ACDB-AB27B0FAEE17}
	EndGlobalSection
EndGlobal
